// !$*UTF8*$!
{
	archiveVersion = 1;
	classes = {
	};
	objectVersion = 46;
	objects = {

/* Begin PBXBuildFile section */
		460AB9B51CAB5877006ECF99 /* MessagesViewController.swift in Sources */ = {isa = PBXBuildFile; fileRef = 460AB9B41CAB5877006ECF99 /* MessagesViewController.swift */; };
		4690A3E21CA5C16A00814106 /* AlertModel.swift in Sources */ = {isa = PBXBuildFile; fileRef = 4690A3E11CA5C16A00814106 /* AlertModel.swift */; };
		46F6E22C1CA9B1820064CC18 /* UserProfileViewController.swift in Sources */ = {isa = PBXBuildFile; fileRef = 46F6E22B1CA9B1820064CC18 /* UserProfileViewController.swift */; };
		46F6E22E1CA9D51B0064CC18 /* EditUserProfileViewController.swift in Sources */ = {isa = PBXBuildFile; fileRef = 46F6E22D1CA9D51B0064CC18 /* EditUserProfileViewController.swift */; };
		46F6E2301CA9DF980064CC18 /* UserProfileSportsCollectionViewCell.swift in Sources */ = {isa = PBXBuildFile; fileRef = 46F6E22F1CA9DF980064CC18 /* UserProfileSportsCollectionViewCell.swift */; };
		46F6E2321CA9FC320064CC18 /* GoBackDelegate.swift in Sources */ = {isa = PBXBuildFile; fileRef = 46F6E2311CA9FC320064CC18 /* GoBackDelegate.swift */; };
		46F6E2341CAA029C0064CC18 /* EditUserProfileSportsCollectionViewCell.swift in Sources */ = {isa = PBXBuildFile; fileRef = 46F6E2331CAA029C0064CC18 /* EditUserProfileSportsCollectionViewCell.swift */; };
		46F6E2371CAB2CDF0064CC18 /* MessagesTableViewController.swift in Sources */ = {isa = PBXBuildFile; fileRef = 46F6E2361CAB2CDF0064CC18 /* MessagesTableViewController.swift */; };
		46F6E2391CAB4F1F0064CC18 /* EventsListTableViewCell.swift in Sources */ = {isa = PBXBuildFile; fileRef = 46F6E2381CAB4F1F0064CC18 /* EventsListTableViewCell.swift */; };
		46F6E23B1CAB51480064CC18 /* GoToEventMessagesDelegate.swift in Sources */ = {isa = PBXBuildFile; fileRef = 46F6E23A1CAB51480064CC18 /* GoToEventMessagesDelegate.swift */; };
		95EA7B4471CDCF15F3C2902D /* Pods_smatch_1.framework in Frameworks */ = {isa = PBXBuildFile; fileRef = 331833AEF7D7465E1E7AEA49 /* Pods_smatch_1.framework */; };
		98027B9D1CA9DF6B00ECFEA0 /* UserLocation.swift in Sources */ = {isa = PBXBuildFile; fileRef = 98027B9C1CA9DF6B00ECFEA0 /* UserLocation.swift */; };
		981564161CA72E67007E0F11 /* Event.swift in Sources */ = {isa = PBXBuildFile; fileRef = 981564151CA72E67007E0F11 /* Event.swift */; };
		CA961776E8E44C22B0316ADA /* Pods_smatch_1UITests.framework in Frameworks */ = {isa = PBXBuildFile; fileRef = 9441928263ADF32C305C965F /* Pods_smatch_1UITests.framework */; };
		D836A78A1CA22BF200CF9627 /* Sport.swift in Sources */ = {isa = PBXBuildFile; fileRef = D836A7891CA22BF200CF9627 /* Sport.swift */; };
		D83A18111CA3A4DA0048B629 /* ParentViewController.swift in Sources */ = {isa = PBXBuildFile; fileRef = D83A180D1CA3A4DA0048B629 /* ParentViewController.swift */; };
		D83A18181CA3B7820048B629 /* Events.storyboard in Resources */ = {isa = PBXBuildFile; fileRef = D83A18171CA3B7820048B629 /* Events.storyboard */; };
		D83A181A1CA3B7C70048B629 /* Messages.storyboard in Resources */ = {isa = PBXBuildFile; fileRef = D83A18191CA3B7C70048B629 /* Messages.storyboard */; };
		D83A181C1CA3B7F40048B629 /* Notifications.storyboard in Resources */ = {isa = PBXBuildFile; fileRef = D83A181B1CA3B7F40048B629 /* Notifications.storyboard */; };
		D83A181E1CA3B80A0048B629 /* Profile.storyboard in Resources */ = {isa = PBXBuildFile; fileRef = D83A181D1CA3B80A0048B629 /* Profile.storyboard */; };
		D83DCD8F1CACAAC200E1DFD5 /* Keyboard.swift in Sources */ = {isa = PBXBuildFile; fileRef = D83DCD8E1CACAAC200E1DFD5 /* Keyboard.swift */; };
		D8442F4C1CA5CC690025005E /* SportCollectionViewCell.swift in Sources */ = {isa = PBXBuildFile; fileRef = D8442F4B1CA5CC690025005E /* SportCollectionViewCell.swift */; };
		D84A6BF21CA464F200045150 /* EventCell.swift in Sources */ = {isa = PBXBuildFile; fileRef = D84A6BF11CA464F200045150 /* EventCell.swift */; };
		D86312BB1CAD8F0200AEC07B /* EventDetail.swift in Sources */ = {isa = PBXBuildFile; fileRef = D86312BA1CAD8F0200AEC07B /* EventDetail.swift */; };
		D86407C61CA9B370006490B4 /* EventNameViewController.swift in Sources */ = {isa = PBXBuildFile; fileRef = D86407C51CA9B370006490B4 /* EventNameViewController.swift */; };
		D86407C81CA9B3C1006490B4 /* EventSportCollectionViewController.swift in Sources */ = {isa = PBXBuildFile; fileRef = D86407C71CA9B3C1006490B4 /* EventSportCollectionViewController.swift */; };
		D86407CA1CA9B3ED006490B4 /* EventLocationViewController.swift in Sources */ = {isa = PBXBuildFile; fileRef = D86407C91CA9B3ED006490B4 /* EventLocationViewController.swift */; };
		D86407CC1CA9B406006490B4 /* EventNumPlayersViewController.swift in Sources */ = {isa = PBXBuildFile; fileRef = D86407CB1CA9B406006490B4 /* EventNumPlayersViewController.swift */; };
		D86407D01CA9B533006490B4 /* CreateEvent.storyboard in Resources */ = {isa = PBXBuildFile; fileRef = D86407CF1CA9B533006490B4 /* CreateEvent.storyboard */; };
		D86407D21CA9BBD1006490B4 /* NewEventSportCollectionViewCell.swift in Sources */ = {isa = PBXBuildFile; fileRef = D86407D11CA9BBD1006490B4 /* NewEventSportCollectionViewCell.swift */; };
		D875B2711C9A5155007BBFF3 /* ChooseSportsCollectionViewController.swift in Sources */ = {isa = PBXBuildFile; fileRef = D875B26F1C9A5155007BBFF3 /* ChooseSportsCollectionViewController.swift */; };
		D875B2721C9A5155007BBFF3 /* LoginViewController.swift in Sources */ = {isa = PBXBuildFile; fileRef = D875B2701C9A5155007BBFF3 /* LoginViewController.swift */; };
		D875B2741C9A5162007BBFF3 /* Images.xcassets in Resources */ = {isa = PBXBuildFile; fileRef = D875B2731C9A5162007BBFF3 /* Images.xcassets */; };
		D886943C1CA24524007DB508 /* sports.plist in Resources */ = {isa = PBXBuildFile; fileRef = D886943B1CA24524007DB508 /* sports.plist */; };
		D890FC301CAA004100D9ADEA /* Regex.swift in Sources */ = {isa = PBXBuildFile; fileRef = D890FC2F1CAA004100D9ADEA /* Regex.swift */; };
		D890FC341CAA2AE800D9ADEA /* CreateEventDateViewController.swift in Sources */ = {isa = PBXBuildFile; fileRef = D890FC331CAA2AE800D9ADEA /* CreateEventDateViewController.swift */; };
		D890FC361CAA2B4400D9ADEA /* CreateEventGenderViewController.swift in Sources */ = {isa = PBXBuildFile; fileRef = D890FC351CAA2B4400D9ADEA /* CreateEventGenderViewController.swift */; };
		D890FC381CAA2B5D00D9ADEA /* CreateEventCompetitionViewController.swift in Sources */ = {isa = PBXBuildFile; fileRef = D890FC371CAA2B5D00D9ADEA /* CreateEventCompetitionViewController.swift */; };
		D890FC3A1CAA307A00D9ADEA /* CompetitionLevel.swift in Sources */ = {isa = PBXBuildFile; fileRef = D890FC391CAA307A00D9ADEA /* CompetitionLevel.swift */; };
		D890FC3C1CAA30B400D9ADEA /* GenderForGame.swift in Sources */ = {isa = PBXBuildFile; fileRef = D890FC3B1CAA30B400D9ADEA /* GenderForGame.swift */; };
		D890FC3E1CAA389500D9ADEA /* CreateEventFinishViewController.swift in Sources */ = {isa = PBXBuildFile; fileRef = D890FC3D1CAA389500D9ADEA /* CreateEventFinishViewController.swift */; };
		D8C18D541C9A39BC00E2E0D7 /* AppDelegate.swift in Sources */ = {isa = PBXBuildFile; fileRef = D8C18D531C9A39BC00E2E0D7 /* AppDelegate.swift */; };
		D8C18D5E1C9A39BC00E2E0D7 /* LaunchScreen.storyboard in Resources */ = {isa = PBXBuildFile; fileRef = D8C18D5C1C9A39BC00E2E0D7 /* LaunchScreen.storyboard */; };
		D8C18D691C9A39BC00E2E0D7 /* smatch_1Tests.swift in Sources */ = {isa = PBXBuildFile; fileRef = D8C18D681C9A39BC00E2E0D7 /* smatch_1Tests.swift */; };
		D8C18D741C9A39BC00E2E0D7 /* smatch_1UITests.swift in Sources */ = {isa = PBXBuildFile; fileRef = D8C18D731C9A39BC00E2E0D7 /* smatch_1UITests.swift */; };
		D8C18D821C9A3B3400E2E0D7 /* Main.storyboard in Resources */ = {isa = PBXBuildFile; fileRef = D8C18D811C9A3B3400E2E0D7 /* Main.storyboard */; };
		D8E0003A1CA07292006C50EC /* DataService.swift in Sources */ = {isa = PBXBuildFile; fileRef = D8E000391CA07292006C50EC /* DataService.swift */; };
		D8E0003C1CA07951006C50EC /* Constants.swift in Sources */ = {isa = PBXBuildFile; fileRef = D8E0003B1CA07951006C50EC /* Constants.swift */; };
		D8E0003E1CA07C95006C50EC /* ConfirmSignUpViewController.swift in Sources */ = {isa = PBXBuildFile; fileRef = D8E0003D1CA07C95006C50EC /* ConfirmSignUpViewController.swift */; };
		D8EAA1EE1CA36B9900A11894 /* TopTabSegmentedController.swift in Sources */ = {isa = PBXBuildFile; fileRef = D8EAA1ED1CA36B9900A11894 /* TopTabSegmentedController.swift */; };
		D8EAA1F01CA36C4E00A11894 /* EventsTableViewController.swift in Sources */ = {isa = PBXBuildFile; fileRef = D8EAA1EF1CA36C4E00A11894 /* EventsTableViewController.swift */; };
		D8EAA1F41CA39BA200A11894 /* EventsMapViewController.swift in Sources */ = {isa = PBXBuildFile; fileRef = D8EAA1F31CA39BA200A11894 /* EventsMapViewController.swift */; };
		D8EE2F381CA47F44007DB652 /* MaterialView.swift in Sources */ = {isa = PBXBuildFile; fileRef = D8EE2F371CA47F44007DB652 /* MaterialView.swift */; };
		D8EE2F3A1CA48AAD007DB652 /* Colors.swift in Sources */ = {isa = PBXBuildFile; fileRef = D8EE2F391CA48AAD007DB652 /* Colors.swift */; };
		D8EE2F3C1CA494EF007DB652 /* CreateNewEventViewController.swift in Sources */ = {isa = PBXBuildFile; fileRef = D8EE2F3B1CA494EF007DB652 /* CreateNewEventViewController.swift */; };
		D8EE2F3E1CA4B665007DB652 /* EventDetailViewController.swift in Sources */ = {isa = PBXBuildFile; fileRef = D8EE2F3D1CA4B665007DB652 /* EventDetailViewController.swift */; };
		D8EF28861CAC3DBA00150411 /* MaterialButton.swift in Sources */ = {isa = PBXBuildFile; fileRef = D8EF28851CAC3DBA00150411 /* MaterialButton.swift */; };
		F9F24897B09250F6FBC4134D /* Pods_smatch_1Tests.framework in Frameworks */ = {isa = PBXBuildFile; fileRef = D691F2D74415E078BD3C24A5 /* Pods_smatch_1Tests.framework */; };
/* End PBXBuildFile section */

/* Begin PBXContainerItemProxy section */
		D8C18D651C9A39BC00E2E0D7 /* PBXContainerItemProxy */ = {
			isa = PBXContainerItemProxy;
			containerPortal = D8C18D481C9A39BC00E2E0D7 /* Project object */;
			proxyType = 1;
			remoteGlobalIDString = D8C18D4F1C9A39BC00E2E0D7;
			remoteInfo = smatch_1;
		};
		D8C18D701C9A39BC00E2E0D7 /* PBXContainerItemProxy */ = {
			isa = PBXContainerItemProxy;
			containerPortal = D8C18D481C9A39BC00E2E0D7 /* Project object */;
			proxyType = 1;
			remoteGlobalIDString = D8C18D4F1C9A39BC00E2E0D7;
			remoteInfo = smatch_1;
		};
/* End PBXContainerItemProxy section */

/* Begin PBXFileReference section */
		11F089DA4235472635ED4D75 /* Pods-smatch_1Tests.debug.xcconfig */ = {isa = PBXFileReference; includeInIndex = 1; lastKnownFileType = text.xcconfig; name = "Pods-smatch_1Tests.debug.xcconfig"; path = "Pods/Target Support Files/Pods-smatch_1Tests/Pods-smatch_1Tests.debug.xcconfig"; sourceTree = "<group>"; };
		331833AEF7D7465E1E7AEA49 /* Pods_smatch_1.framework */ = {isa = PBXFileReference; explicitFileType = wrapper.framework; includeInIndex = 0; path = Pods_smatch_1.framework; sourceTree = BUILT_PRODUCTS_DIR; };
		460AB9B41CAB5877006ECF99 /* MessagesViewController.swift */ = {isa = PBXFileReference; fileEncoding = 4; lastKnownFileType = sourcecode.swift; path = MessagesViewController.swift; sourceTree = "<group>"; };
		4690A3E11CA5C16A00814106 /* AlertModel.swift */ = {isa = PBXFileReference; fileEncoding = 4; lastKnownFileType = sourcecode.swift; path = AlertModel.swift; sourceTree = "<group>"; };
		46F6E22B1CA9B1820064CC18 /* UserProfileViewController.swift */ = {isa = PBXFileReference; fileEncoding = 4; lastKnownFileType = sourcecode.swift; path = UserProfileViewController.swift; sourceTree = "<group>"; };
		46F6E22D1CA9D51B0064CC18 /* EditUserProfileViewController.swift */ = {isa = PBXFileReference; fileEncoding = 4; lastKnownFileType = sourcecode.swift; path = EditUserProfileViewController.swift; sourceTree = "<group>"; };
		46F6E22F1CA9DF980064CC18 /* UserProfileSportsCollectionViewCell.swift */ = {isa = PBXFileReference; fileEncoding = 4; lastKnownFileType = sourcecode.swift; path = UserProfileSportsCollectionViewCell.swift; sourceTree = "<group>"; };
		46F6E2311CA9FC320064CC18 /* GoBackDelegate.swift */ = {isa = PBXFileReference; fileEncoding = 4; lastKnownFileType = sourcecode.swift; path = GoBackDelegate.swift; sourceTree = "<group>"; };
		46F6E2331CAA029C0064CC18 /* EditUserProfileSportsCollectionViewCell.swift */ = {isa = PBXFileReference; fileEncoding = 4; lastKnownFileType = sourcecode.swift; path = EditUserProfileSportsCollectionViewCell.swift; sourceTree = "<group>"; };
		46F6E2361CAB2CDF0064CC18 /* MessagesTableViewController.swift */ = {isa = PBXFileReference; fileEncoding = 4; lastKnownFileType = sourcecode.swift; path = MessagesTableViewController.swift; sourceTree = "<group>"; };
		46F6E2381CAB4F1F0064CC18 /* EventsListTableViewCell.swift */ = {isa = PBXFileReference; fileEncoding = 4; lastKnownFileType = sourcecode.swift; path = EventsListTableViewCell.swift; sourceTree = "<group>"; };
		46F6E23A1CAB51480064CC18 /* GoToEventMessagesDelegate.swift */ = {isa = PBXFileReference; fileEncoding = 4; lastKnownFileType = sourcecode.swift; path = GoToEventMessagesDelegate.swift; sourceTree = "<group>"; };
		7813C2E544B310223DB609FE /* Pods-smatch_1UITests.release.xcconfig */ = {isa = PBXFileReference; includeInIndex = 1; lastKnownFileType = text.xcconfig; name = "Pods-smatch_1UITests.release.xcconfig"; path = "Pods/Target Support Files/Pods-smatch_1UITests/Pods-smatch_1UITests.release.xcconfig"; sourceTree = "<group>"; };
		79E518CF00F20420133E9563 /* Pods-smatch_1.release.xcconfig */ = {isa = PBXFileReference; includeInIndex = 1; lastKnownFileType = text.xcconfig; name = "Pods-smatch_1.release.xcconfig"; path = "Pods/Target Support Files/Pods-smatch_1/Pods-smatch_1.release.xcconfig"; sourceTree = "<group>"; };
		9441928263ADF32C305C965F /* Pods_smatch_1UITests.framework */ = {isa = PBXFileReference; explicitFileType = wrapper.framework; includeInIndex = 0; path = Pods_smatch_1UITests.framework; sourceTree = BUILT_PRODUCTS_DIR; };
		98027B9C1CA9DF6B00ECFEA0 /* UserLocation.swift */ = {isa = PBXFileReference; fileEncoding = 4; lastKnownFileType = sourcecode.swift; path = UserLocation.swift; sourceTree = "<group>"; };
		981564151CA72E67007E0F11 /* Event.swift */ = {isa = PBXFileReference; fileEncoding = 4; lastKnownFileType = sourcecode.swift; path = Event.swift; sourceTree = "<group>"; };
		A61F4D925EFAC555B4D10904 /* Pods-smatch_1UITests.debug.xcconfig */ = {isa = PBXFileReference; includeInIndex = 1; lastKnownFileType = text.xcconfig; name = "Pods-smatch_1UITests.debug.xcconfig"; path = "Pods/Target Support Files/Pods-smatch_1UITests/Pods-smatch_1UITests.debug.xcconfig"; sourceTree = "<group>"; };
		A729460B76ED2CAC32054A48 /* Pods-smatch_1Tests.release.xcconfig */ = {isa = PBXFileReference; includeInIndex = 1; lastKnownFileType = text.xcconfig; name = "Pods-smatch_1Tests.release.xcconfig"; path = "Pods/Target Support Files/Pods-smatch_1Tests/Pods-smatch_1Tests.release.xcconfig"; sourceTree = "<group>"; };
		D691F2D74415E078BD3C24A5 /* Pods_smatch_1Tests.framework */ = {isa = PBXFileReference; explicitFileType = wrapper.framework; includeInIndex = 0; path = Pods_smatch_1Tests.framework; sourceTree = BUILT_PRODUCTS_DIR; };
		D7EDDA08FB634FEB8FBAD634 /* Pods-smatch_1.debug.xcconfig */ = {isa = PBXFileReference; includeInIndex = 1; lastKnownFileType = text.xcconfig; name = "Pods-smatch_1.debug.xcconfig"; path = "Pods/Target Support Files/Pods-smatch_1/Pods-smatch_1.debug.xcconfig"; sourceTree = "<group>"; };
		D836A7891CA22BF200CF9627 /* Sport.swift */ = {isa = PBXFileReference; fileEncoding = 4; lastKnownFileType = sourcecode.swift; path = Sport.swift; sourceTree = "<group>"; };
		D83A180D1CA3A4DA0048B629 /* ParentViewController.swift */ = {isa = PBXFileReference; fileEncoding = 4; lastKnownFileType = sourcecode.swift; path = ParentViewController.swift; sourceTree = "<group>"; };
		D83A18171CA3B7820048B629 /* Events.storyboard */ = {isa = PBXFileReference; fileEncoding = 4; lastKnownFileType = file.storyboard; path = Events.storyboard; sourceTree = "<group>"; };
		D83A18191CA3B7C70048B629 /* Messages.storyboard */ = {isa = PBXFileReference; fileEncoding = 4; lastKnownFileType = file.storyboard; path = Messages.storyboard; sourceTree = "<group>"; };
		D83A181B1CA3B7F40048B629 /* Notifications.storyboard */ = {isa = PBXFileReference; fileEncoding = 4; lastKnownFileType = file.storyboard; path = Notifications.storyboard; sourceTree = "<group>"; };
		D83A181D1CA3B80A0048B629 /* Profile.storyboard */ = {isa = PBXFileReference; fileEncoding = 4; lastKnownFileType = file.storyboard; path = Profile.storyboard; sourceTree = "<group>"; };
		D83DCD8E1CACAAC200E1DFD5 /* Keyboard.swift */ = {isa = PBXFileReference; fileEncoding = 4; lastKnownFileType = sourcecode.swift; path = Keyboard.swift; sourceTree = "<group>"; };
		D8442F4B1CA5CC690025005E /* SportCollectionViewCell.swift */ = {isa = PBXFileReference; fileEncoding = 4; lastKnownFileType = sourcecode.swift; path = SportCollectionViewCell.swift; sourceTree = "<group>"; };
		D84A6BF11CA464F200045150 /* EventCell.swift */ = {isa = PBXFileReference; fileEncoding = 4; lastKnownFileType = sourcecode.swift; path = EventCell.swift; sourceTree = "<group>"; };
		D86312BA1CAD8F0200AEC07B /* EventDetail.swift */ = {isa = PBXFileReference; fileEncoding = 4; lastKnownFileType = sourcecode.swift; path = EventDetail.swift; sourceTree = "<group>"; };
		D86407C51CA9B370006490B4 /* EventNameViewController.swift */ = {isa = PBXFileReference; fileEncoding = 4; lastKnownFileType = sourcecode.swift; path = EventNameViewController.swift; sourceTree = "<group>"; };
		D86407C71CA9B3C1006490B4 /* EventSportCollectionViewController.swift */ = {isa = PBXFileReference; fileEncoding = 4; lastKnownFileType = sourcecode.swift; path = EventSportCollectionViewController.swift; sourceTree = "<group>"; };
		D86407C91CA9B3ED006490B4 /* EventLocationViewController.swift */ = {isa = PBXFileReference; fileEncoding = 4; lastKnownFileType = sourcecode.swift; path = EventLocationViewController.swift; sourceTree = "<group>"; };
		D86407CB1CA9B406006490B4 /* EventNumPlayersViewController.swift */ = {isa = PBXFileReference; fileEncoding = 4; lastKnownFileType = sourcecode.swift; path = EventNumPlayersViewController.swift; sourceTree = "<group>"; };
		D86407CF1CA9B533006490B4 /* CreateEvent.storyboard */ = {isa = PBXFileReference; fileEncoding = 4; lastKnownFileType = file.storyboard; path = CreateEvent.storyboard; sourceTree = "<group>"; };
		D86407D11CA9BBD1006490B4 /* NewEventSportCollectionViewCell.swift */ = {isa = PBXFileReference; fileEncoding = 4; lastKnownFileType = sourcecode.swift; path = NewEventSportCollectionViewCell.swift; sourceTree = "<group>"; };
		D875B26F1C9A5155007BBFF3 /* ChooseSportsCollectionViewController.swift */ = {isa = PBXFileReference; fileEncoding = 4; lastKnownFileType = sourcecode.swift; path = ChooseSportsCollectionViewController.swift; sourceTree = "<group>"; };
		D875B2701C9A5155007BBFF3 /* LoginViewController.swift */ = {isa = PBXFileReference; fileEncoding = 4; lastKnownFileType = sourcecode.swift; path = LoginViewController.swift; sourceTree = "<group>"; };
		D875B2731C9A5162007BBFF3 /* Images.xcassets */ = {isa = PBXFileReference; lastKnownFileType = folder.assetcatalog; path = Images.xcassets; sourceTree = "<group>"; };
		D886943B1CA24524007DB508 /* sports.plist */ = {isa = PBXFileReference; fileEncoding = 4; lastKnownFileType = text.plist.xml; path = sports.plist; sourceTree = "<group>"; };
		D890FC2F1CAA004100D9ADEA /* Regex.swift */ = {isa = PBXFileReference; fileEncoding = 4; lastKnownFileType = sourcecode.swift; path = Regex.swift; sourceTree = "<group>"; };
		D890FC331CAA2AE800D9ADEA /* CreateEventDateViewController.swift */ = {isa = PBXFileReference; fileEncoding = 4; lastKnownFileType = sourcecode.swift; path = CreateEventDateViewController.swift; sourceTree = "<group>"; };
		D890FC351CAA2B4400D9ADEA /* CreateEventGenderViewController.swift */ = {isa = PBXFileReference; fileEncoding = 4; lastKnownFileType = sourcecode.swift; path = CreateEventGenderViewController.swift; sourceTree = "<group>"; };
		D890FC371CAA2B5D00D9ADEA /* CreateEventCompetitionViewController.swift */ = {isa = PBXFileReference; fileEncoding = 4; lastKnownFileType = sourcecode.swift; path = CreateEventCompetitionViewController.swift; sourceTree = "<group>"; };
		D890FC391CAA307A00D9ADEA /* CompetitionLevel.swift */ = {isa = PBXFileReference; fileEncoding = 4; lastKnownFileType = sourcecode.swift; path = CompetitionLevel.swift; sourceTree = "<group>"; };
		D890FC3B1CAA30B400D9ADEA /* GenderForGame.swift */ = {isa = PBXFileReference; fileEncoding = 4; lastKnownFileType = sourcecode.swift; path = GenderForGame.swift; sourceTree = "<group>"; };
		D890FC3D1CAA389500D9ADEA /* CreateEventFinishViewController.swift */ = {isa = PBXFileReference; fileEncoding = 4; lastKnownFileType = sourcecode.swift; path = CreateEventFinishViewController.swift; sourceTree = "<group>"; };
		D8C18D501C9A39BC00E2E0D7 /* smatch_1.app */ = {isa = PBXFileReference; explicitFileType = wrapper.application; includeInIndex = 0; path = smatch_1.app; sourceTree = BUILT_PRODUCTS_DIR; };
		D8C18D531C9A39BC00E2E0D7 /* AppDelegate.swift */ = {isa = PBXFileReference; lastKnownFileType = sourcecode.swift; path = AppDelegate.swift; sourceTree = "<group>"; };
		D8C18D5D1C9A39BC00E2E0D7 /* Base */ = {isa = PBXFileReference; lastKnownFileType = file.storyboard; name = Base; path = Base.lproj/LaunchScreen.storyboard; sourceTree = "<group>"; };
		D8C18D5F1C9A39BC00E2E0D7 /* Info.plist */ = {isa = PBXFileReference; lastKnownFileType = text.plist.xml; path = Info.plist; sourceTree = "<group>"; };
		D8C18D641C9A39BC00E2E0D7 /* smatch_1Tests.xctest */ = {isa = PBXFileReference; explicitFileType = wrapper.cfbundle; includeInIndex = 0; path = smatch_1Tests.xctest; sourceTree = BUILT_PRODUCTS_DIR; };
		D8C18D681C9A39BC00E2E0D7 /* smatch_1Tests.swift */ = {isa = PBXFileReference; lastKnownFileType = sourcecode.swift; path = smatch_1Tests.swift; sourceTree = "<group>"; };
		D8C18D6A1C9A39BC00E2E0D7 /* Info.plist */ = {isa = PBXFileReference; lastKnownFileType = text.plist.xml; path = Info.plist; sourceTree = "<group>"; };
		D8C18D6F1C9A39BC00E2E0D7 /* smatch_1UITests.xctest */ = {isa = PBXFileReference; explicitFileType = wrapper.cfbundle; includeInIndex = 0; path = smatch_1UITests.xctest; sourceTree = BUILT_PRODUCTS_DIR; };
		D8C18D731C9A39BC00E2E0D7 /* smatch_1UITests.swift */ = {isa = PBXFileReference; lastKnownFileType = sourcecode.swift; path = smatch_1UITests.swift; sourceTree = "<group>"; };
		D8C18D751C9A39BC00E2E0D7 /* Info.plist */ = {isa = PBXFileReference; lastKnownFileType = text.plist.xml; path = Info.plist; sourceTree = "<group>"; };
		D8C18D811C9A3B3400E2E0D7 /* Main.storyboard */ = {isa = PBXFileReference; fileEncoding = 4; lastKnownFileType = file.storyboard; path = Main.storyboard; sourceTree = "<group>"; };
		D8E000391CA07292006C50EC /* DataService.swift */ = {isa = PBXFileReference; fileEncoding = 4; lastKnownFileType = sourcecode.swift; path = DataService.swift; sourceTree = "<group>"; };
		D8E0003B1CA07951006C50EC /* Constants.swift */ = {isa = PBXFileReference; fileEncoding = 4; lastKnownFileType = sourcecode.swift; path = Constants.swift; sourceTree = "<group>"; };
		D8E0003D1CA07C95006C50EC /* ConfirmSignUpViewController.swift */ = {isa = PBXFileReference; fileEncoding = 4; lastKnownFileType = sourcecode.swift; path = ConfirmSignUpViewController.swift; sourceTree = "<group>"; };
		D8EAA1ED1CA36B9900A11894 /* TopTabSegmentedController.swift */ = {isa = PBXFileReference; fileEncoding = 4; lastKnownFileType = sourcecode.swift; path = TopTabSegmentedController.swift; sourceTree = "<group>"; };
		D8EAA1EF1CA36C4E00A11894 /* EventsTableViewController.swift */ = {isa = PBXFileReference; fileEncoding = 4; lastKnownFileType = sourcecode.swift; path = EventsTableViewController.swift; sourceTree = "<group>"; };
		D8EAA1F31CA39BA200A11894 /* EventsMapViewController.swift */ = {isa = PBXFileReference; fileEncoding = 4; lastKnownFileType = sourcecode.swift; path = EventsMapViewController.swift; sourceTree = "<group>"; };
		D8EE2F371CA47F44007DB652 /* MaterialView.swift */ = {isa = PBXFileReference; fileEncoding = 4; lastKnownFileType = sourcecode.swift; path = MaterialView.swift; sourceTree = "<group>"; };
		D8EE2F391CA48AAD007DB652 /* Colors.swift */ = {isa = PBXFileReference; fileEncoding = 4; lastKnownFileType = sourcecode.swift; path = Colors.swift; sourceTree = "<group>"; };
		D8EE2F3B1CA494EF007DB652 /* CreateNewEventViewController.swift */ = {isa = PBXFileReference; fileEncoding = 4; lastKnownFileType = sourcecode.swift; path = CreateNewEventViewController.swift; sourceTree = "<group>"; };
		D8EE2F3D1CA4B665007DB652 /* EventDetailViewController.swift */ = {isa = PBXFileReference; fileEncoding = 4; lastKnownFileType = sourcecode.swift; path = EventDetailViewController.swift; sourceTree = "<group>"; };
		D8EF28851CAC3DBA00150411 /* MaterialButton.swift */ = {isa = PBXFileReference; fileEncoding = 4; lastKnownFileType = sourcecode.swift; path = MaterialButton.swift; sourceTree = "<group>"; };
/* End PBXFileReference section */

/* Begin PBXFrameworksBuildPhase section */
		D8C18D4D1C9A39BC00E2E0D7 /* Frameworks */ = {
			isa = PBXFrameworksBuildPhase;
			buildActionMask = 2147483647;
			files = (
				95EA7B4471CDCF15F3C2902D /* Pods_smatch_1.framework in Frameworks */,
			);
			runOnlyForDeploymentPostprocessing = 0;
		};
		D8C18D611C9A39BC00E2E0D7 /* Frameworks */ = {
			isa = PBXFrameworksBuildPhase;
			buildActionMask = 2147483647;
			files = (
				F9F24897B09250F6FBC4134D /* Pods_smatch_1Tests.framework in Frameworks */,
			);
			runOnlyForDeploymentPostprocessing = 0;
		};
		D8C18D6C1C9A39BC00E2E0D7 /* Frameworks */ = {
			isa = PBXFrameworksBuildPhase;
			buildActionMask = 2147483647;
			files = (
				CA961776E8E44C22B0316ADA /* Pods_smatch_1UITests.framework in Frameworks */,
			);
			runOnlyForDeploymentPostprocessing = 0;
		};
/* End PBXFrameworksBuildPhase section */

/* Begin PBXGroup section */
		0EFAFCEF78B7691D45954124 /* Pods */ = {
			isa = PBXGroup;
			children = (
				D7EDDA08FB634FEB8FBAD634 /* Pods-smatch_1.debug.xcconfig */,
				79E518CF00F20420133E9563 /* Pods-smatch_1.release.xcconfig */,
				11F089DA4235472635ED4D75 /* Pods-smatch_1Tests.debug.xcconfig */,
				A729460B76ED2CAC32054A48 /* Pods-smatch_1Tests.release.xcconfig */,
				A61F4D925EFAC555B4D10904 /* Pods-smatch_1UITests.debug.xcconfig */,
				7813C2E544B310223DB609FE /* Pods-smatch_1UITests.release.xcconfig */,
			);
			name = Pods;
			sourceTree = "<group>";
		};
		2D352BE5B1DFC73E1CDC716E /* Frameworks */ = {
			isa = PBXGroup;
			children = (
				331833AEF7D7465E1E7AEA49 /* Pods_smatch_1.framework */,
				D691F2D74415E078BD3C24A5 /* Pods_smatch_1Tests.framework */,
				9441928263ADF32C305C965F /* Pods_smatch_1UITests.framework */,
			);
			name = Frameworks;
			sourceTree = "<group>";
		};
		46F6E2351CAAFFAB0064CC18 /* Messages */ = {
			isa = PBXGroup;
			children = (
				46F6E2361CAB2CDF0064CC18 /* MessagesTableViewController.swift */,
				460AB9B41CAB5877006ECF99 /* MessagesViewController.swift */,
			);
			name = Messages;
			sourceTree = "<group>";
		};
		D83A18141CA3B5A40048B629 /* Events */ = {
			isa = PBXGroup;
			children = (
				D86407C41CA9B356006490B4 /* CreateEvent */,
				D83A180D1CA3A4DA0048B629 /* ParentViewController.swift */,
				D8EAA1EF1CA36C4E00A11894 /* EventsTableViewController.swift */,
				D8EAA1F31CA39BA200A11894 /* EventsMapViewController.swift */,
				D8EE2F3D1CA4B665007DB652 /* EventDetailViewController.swift */,
			);
			name = Events;
			sourceTree = "<group>";
		};
		D86407C41CA9B356006490B4 /* CreateEvent */ = {
			isa = PBXGroup;
			children = (
				D8EE2F3B1CA494EF007DB652 /* CreateNewEventViewController.swift */,
				D86407C71CA9B3C1006490B4 /* EventSportCollectionViewController.swift */,
				D86407C51CA9B370006490B4 /* EventNameViewController.swift */,
				D86407C91CA9B3ED006490B4 /* EventLocationViewController.swift */,
				D86407CB1CA9B406006490B4 /* EventNumPlayersViewController.swift */,
				D890FC331CAA2AE800D9ADEA /* CreateEventDateViewController.swift */,
				D890FC371CAA2B5D00D9ADEA /* CreateEventCompetitionViewController.swift */,
				D890FC351CAA2B4400D9ADEA /* CreateEventGenderViewController.swift */,
				D890FC3D1CAA389500D9ADEA /* CreateEventFinishViewController.swift */,
			);
			name = CreateEvent;
			sourceTree = "<group>";
		};
		D875B2751C9A5173007BBFF3 /* Controllers */ = {
			isa = PBXGroup;
			children = (
				46F6E2351CAAFFAB0064CC18 /* Messages */,
				D8C18D531C9A39BC00E2E0D7 /* AppDelegate.swift */,
				D875B2701C9A5155007BBFF3 /* LoginViewController.swift */,
				D8E0003D1CA07C95006C50EC /* ConfirmSignUpViewController.swift */,
				D875B26F1C9A5155007BBFF3 /* ChooseSportsCollectionViewController.swift */,
				46F6E22B1CA9B1820064CC18 /* UserProfileViewController.swift */,
				46F6E22D1CA9D51B0064CC18 /* EditUserProfileViewController.swift */,
				D83A18141CA3B5A40048B629 /* Events */,
			);
			name = Controllers;
			sourceTree = "<group>";
		};
		D875B2761C9A5182007BBFF3 /* Models */ = {
			isa = PBXGroup;
			children = (
				D836A7891CA22BF200CF9627 /* Sport.swift */,
				98027B9C1CA9DF6B00ECFEA0 /* UserLocation.swift */,
				981564151CA72E67007E0F11 /* Event.swift */,
				D890FC2F1CAA004100D9ADEA /* Regex.swift */,
				D886943B1CA24524007DB508 /* sports.plist */,
				D890FC391CAA307A00D9ADEA /* CompetitionLevel.swift */,
				D890FC3B1CAA30B400D9ADEA /* GenderForGame.swift */,
				D86312BA1CAD8F0200AEC07B /* EventDetail.swift */,
			);
			name = Models;
			sourceTree = "<group>";
		};
		D875B2781C9A519C007BBFF3 /* ViewModels */ = {
			isa = PBXGroup;
			children = (
				4690A3E11CA5C16A00814106 /* AlertModel.swift */,
				D8EAA1ED1CA36B9900A11894 /* TopTabSegmentedController.swift */,
				D84A6BF11CA464F200045150 /* EventCell.swift */,
				D8EE2F371CA47F44007DB652 /* MaterialView.swift */,
				D8442F4B1CA5CC690025005E /* SportCollectionViewCell.swift */,
				46F6E22F1CA9DF980064CC18 /* UserProfileSportsCollectionViewCell.swift */,
				46F6E2331CAA029C0064CC18 /* EditUserProfileSportsCollectionViewCell.swift */,
				D86407D11CA9BBD1006490B4 /* NewEventSportCollectionViewCell.swift */,
				46F6E2381CAB4F1F0064CC18 /* EventsListTableViewCell.swift */,
				D8EF28851CAC3DBA00150411 /* MaterialButton.swift */,
			);
			name = ViewModels;
			sourceTree = "<group>";
		};
		D875B2791C9A51A4007BBFF3 /* Views */ = {
			isa = PBXGroup;
			children = (
			);
			name = Views;
			sourceTree = "<group>";
		};
		D875B27A1C9A51B1007BBFF3 /* Resources */ = {
			isa = PBXGroup;
			children = (
				D875B2731C9A5162007BBFF3 /* Images.xcassets */,
				D875B27D1C9A5205007BBFF3 /* Storyboards */,
				D875B27E1C9A520D007BBFF3 /* Nibs */,
				D875B27F1C9A5248007BBFF3 /* Other-Sources */,
			);
			name = Resources;
			sourceTree = "<group>";
		};
		D875B27B1C9A51BA007BBFF3 /* Protocols */ = {
			isa = PBXGroup;
			children = (
				46F6E2311CA9FC320064CC18 /* GoBackDelegate.swift */,
				46F6E23A1CAB51480064CC18 /* GoToEventMessagesDelegate.swift */,
			);
			name = Protocols;
			sourceTree = "<group>";
		};
		D875B27C1C9A51C2007BBFF3 /* Extensions */ = {
			isa = PBXGroup;
			children = (
				D8EE2F391CA48AAD007DB652 /* Colors.swift */,
				D83DCD8E1CACAAC200E1DFD5 /* Keyboard.swift */,
			);
			name = Extensions;
			sourceTree = "<group>";
		};
		D875B27D1C9A5205007BBFF3 /* Storyboards */ = {
			isa = PBXGroup;
			children = (
				D8C18D811C9A3B3400E2E0D7 /* Main.storyboard */,
				D83A18171CA3B7820048B629 /* Events.storyboard */,
				D86407CF1CA9B533006490B4 /* CreateEvent.storyboard */,
				D83A18191CA3B7C70048B629 /* Messages.storyboard */,
				D83A181D1CA3B80A0048B629 /* Profile.storyboard */,
				D83A181B1CA3B7F40048B629 /* Notifications.storyboard */,
			);
			name = Storyboards;
			sourceTree = "<group>";
		};
		D875B27E1C9A520D007BBFF3 /* Nibs */ = {
			isa = PBXGroup;
			children = (
				D8C18D5C1C9A39BC00E2E0D7 /* LaunchScreen.storyboard */,
			);
			name = Nibs;
			sourceTree = "<group>";
		};
		D875B27F1C9A5248007BBFF3 /* Other-Sources */ = {
			isa = PBXGroup;
			children = (
				D8C18D5F1C9A39BC00E2E0D7 /* Info.plist */,
				D8E0003B1CA07951006C50EC /* Constants.swift */,
			);
			name = "Other-Sources";
			sourceTree = "<group>";
		};
		D8C18D471C9A39BC00E2E0D7 = {
			isa = PBXGroup;
			children = (
				D8C18D521C9A39BC00E2E0D7 /* smatch_1 */,
				D8C18D671C9A39BC00E2E0D7 /* smatch_1Tests */,
				D8C18D721C9A39BC00E2E0D7 /* smatch_1UITests */,
				D8C18D511C9A39BC00E2E0D7 /* Products */,
				0EFAFCEF78B7691D45954124 /* Pods */,
				2D352BE5B1DFC73E1CDC716E /* Frameworks */,
			);
			sourceTree = "<group>";
		};
		D8C18D511C9A39BC00E2E0D7 /* Products */ = {
			isa = PBXGroup;
			children = (
				D8C18D501C9A39BC00E2E0D7 /* smatch_1.app */,
				D8C18D641C9A39BC00E2E0D7 /* smatch_1Tests.xctest */,
				D8C18D6F1C9A39BC00E2E0D7 /* smatch_1UITests.xctest */,
			);
			name = Products;
			sourceTree = "<group>";
		};
		D8C18D521C9A39BC00E2E0D7 /* smatch_1 */ = {
			isa = PBXGroup;
			children = (
				D875B2751C9A5173007BBFF3 /* Controllers */,
				D875B2761C9A5182007BBFF3 /* Models */,
				D8E000381CA07280006C50EC /* Services */,
				D875B2781C9A519C007BBFF3 /* ViewModels */,
				D875B2791C9A51A4007BBFF3 /* Views */,
				D875B27B1C9A51BA007BBFF3 /* Protocols */,
				D875B27C1C9A51C2007BBFF3 /* Extensions */,
				D875B27A1C9A51B1007BBFF3 /* Resources */,
			);
			path = smatch_1;
			sourceTree = "<group>";
		};
		D8C18D671C9A39BC00E2E0D7 /* smatch_1Tests */ = {
			isa = PBXGroup;
			children = (
				D8C18D681C9A39BC00E2E0D7 /* smatch_1Tests.swift */,
				D8C18D6A1C9A39BC00E2E0D7 /* Info.plist */,
			);
			path = smatch_1Tests;
			sourceTree = "<group>";
		};
		D8C18D721C9A39BC00E2E0D7 /* smatch_1UITests */ = {
			isa = PBXGroup;
			children = (
				D8C18D731C9A39BC00E2E0D7 /* smatch_1UITests.swift */,
				D8C18D751C9A39BC00E2E0D7 /* Info.plist */,
			);
			path = smatch_1UITests;
			sourceTree = "<group>";
		};
		D8E000381CA07280006C50EC /* Services */ = {
			isa = PBXGroup;
			children = (
				D8E000391CA07292006C50EC /* DataService.swift */,
			);
			name = Services;
			sourceTree = "<group>";
		};
/* End PBXGroup section */

/* Begin PBXNativeTarget section */
		D8C18D4F1C9A39BC00E2E0D7 /* smatch_1 */ = {
			isa = PBXNativeTarget;
			buildConfigurationList = D8C18D781C9A39BC00E2E0D7 /* Build configuration list for PBXNativeTarget "smatch_1" */;
			buildPhases = (
				34D977734DF75826FA85D89F /* 📦 Check Pods Manifest.lock */,
				D8C18D4C1C9A39BC00E2E0D7 /* Sources */,
				D8C18D4D1C9A39BC00E2E0D7 /* Frameworks */,
				D8C18D4E1C9A39BC00E2E0D7 /* Resources */,
				9BD63778AFBBD23947E1C0FF /* 📦 Embed Pods Frameworks */,
				05FDCFE13E6C89EE46A3334B /* 📦 Copy Pods Resources */,
				AFFFB3D43E94CD01D4A6DED6 /* Embed Pods Frameworks */,
				4E11EB11A4CE41CF31323736 /* Embed Pods Frameworks */,
			);
			buildRules = (
			);
			dependencies = (
			);
			name = smatch_1;
			productName = smatch_1;
			productReference = D8C18D501C9A39BC00E2E0D7 /* smatch_1.app */;
			productType = "com.apple.product-type.application";
		};
		D8C18D631C9A39BC00E2E0D7 /* smatch_1Tests */ = {
			isa = PBXNativeTarget;
			buildConfigurationList = D8C18D7B1C9A39BC00E2E0D7 /* Build configuration list for PBXNativeTarget "smatch_1Tests" */;
			buildPhases = (
				3C7B342DE9B185A53E5B2A53 /* 📦 Check Pods Manifest.lock */,
				D8C18D601C9A39BC00E2E0D7 /* Sources */,
				D8C18D611C9A39BC00E2E0D7 /* Frameworks */,
				D8C18D621C9A39BC00E2E0D7 /* Resources */,
				62534953917F142F8746DE7A /* 📦 Embed Pods Frameworks */,
				85E62AFE3D48875D7A1E01A7 /* 📦 Copy Pods Resources */,
			);
			buildRules = (
			);
			dependencies = (
				D8C18D661C9A39BC00E2E0D7 /* PBXTargetDependency */,
			);
			name = smatch_1Tests;
			productName = smatch_1Tests;
			productReference = D8C18D641C9A39BC00E2E0D7 /* smatch_1Tests.xctest */;
			productType = "com.apple.product-type.bundle.unit-test";
		};
		D8C18D6E1C9A39BC00E2E0D7 /* smatch_1UITests */ = {
			isa = PBXNativeTarget;
			buildConfigurationList = D8C18D7E1C9A39BC00E2E0D7 /* Build configuration list for PBXNativeTarget "smatch_1UITests" */;
			buildPhases = (
				341C64EC2F94581FEB8AA67F /* 📦 Check Pods Manifest.lock */,
				D8C18D6B1C9A39BC00E2E0D7 /* Sources */,
				D8C18D6C1C9A39BC00E2E0D7 /* Frameworks */,
				D8C18D6D1C9A39BC00E2E0D7 /* Resources */,
				94BE6D736328524DCF235670 /* 📦 Copy Pods Resources */,
			);
			buildRules = (
			);
			dependencies = (
				D8C18D711C9A39BC00E2E0D7 /* PBXTargetDependency */,
			);
			name = smatch_1UITests;
			productName = smatch_1UITests;
			productReference = D8C18D6F1C9A39BC00E2E0D7 /* smatch_1UITests.xctest */;
			productType = "com.apple.product-type.bundle.ui-testing";
		};
/* End PBXNativeTarget section */

/* Begin PBXProject section */
		D8C18D481C9A39BC00E2E0D7 /* Project object */ = {
			isa = PBXProject;
			attributes = {
				LastSwiftUpdateCheck = 0720;
				LastUpgradeCheck = 0720;
				ORGANIZATIONNAME = "Kabir Khan";
				TargetAttributes = {
					D8C18D4F1C9A39BC00E2E0D7 = {
						CreatedOnToolsVersion = 7.2.1;
						DevelopmentTeam = VPVYL4N4QR;
					};
					D8C18D631C9A39BC00E2E0D7 = {
						CreatedOnToolsVersion = 7.2.1;
						TestTargetID = D8C18D4F1C9A39BC00E2E0D7;
					};
					D8C18D6E1C9A39BC00E2E0D7 = {
						CreatedOnToolsVersion = 7.2.1;
						TestTargetID = D8C18D4F1C9A39BC00E2E0D7;
					};
				};
			};
			buildConfigurationList = D8C18D4B1C9A39BC00E2E0D7 /* Build configuration list for PBXProject "smatch_1" */;
			compatibilityVersion = "Xcode 3.2";
			developmentRegion = English;
			hasScannedForEncodings = 0;
			knownRegions = (
				en,
				Base,
			);
			mainGroup = D8C18D471C9A39BC00E2E0D7;
			productRefGroup = D8C18D511C9A39BC00E2E0D7 /* Products */;
			projectDirPath = "";
			projectRoot = "";
			targets = (
				D8C18D4F1C9A39BC00E2E0D7 /* smatch_1 */,
				D8C18D631C9A39BC00E2E0D7 /* smatch_1Tests */,
				D8C18D6E1C9A39BC00E2E0D7 /* smatch_1UITests */,
			);
		};
/* End PBXProject section */

/* Begin PBXResourcesBuildPhase section */
		D8C18D4E1C9A39BC00E2E0D7 /* Resources */ = {
			isa = PBXResourcesBuildPhase;
			buildActionMask = 2147483647;
			files = (
				D83A181A1CA3B7C70048B629 /* Messages.storyboard in Resources */,
				D86407D01CA9B533006490B4 /* CreateEvent.storyboard in Resources */,
				D8C18D5E1C9A39BC00E2E0D7 /* LaunchScreen.storyboard in Resources */,
				D83A181E1CA3B80A0048B629 /* Profile.storyboard in Resources */,
				D886943C1CA24524007DB508 /* sports.plist in Resources */,
				D875B2741C9A5162007BBFF3 /* Images.xcassets in Resources */,
				D83A181C1CA3B7F40048B629 /* Notifications.storyboard in Resources */,
				D8C18D821C9A3B3400E2E0D7 /* Main.storyboard in Resources */,
				D83A18181CA3B7820048B629 /* Events.storyboard in Resources */,
			);
			runOnlyForDeploymentPostprocessing = 0;
		};
		D8C18D621C9A39BC00E2E0D7 /* Resources */ = {
			isa = PBXResourcesBuildPhase;
			buildActionMask = 2147483647;
			files = (
			);
			runOnlyForDeploymentPostprocessing = 0;
		};
		D8C18D6D1C9A39BC00E2E0D7 /* Resources */ = {
			isa = PBXResourcesBuildPhase;
			buildActionMask = 2147483647;
			files = (
			);
			runOnlyForDeploymentPostprocessing = 0;
		};
/* End PBXResourcesBuildPhase section */

/* Begin PBXShellScriptBuildPhase section */
		05FDCFE13E6C89EE46A3334B /* 📦 Copy Pods Resources */ = {
			isa = PBXShellScriptBuildPhase;
			buildActionMask = 2147483647;
			files = (
			);
			inputPaths = (
			);
			name = "📦 Copy Pods Resources";
			outputPaths = (
			);
			runOnlyForDeploymentPostprocessing = 0;
			shellPath = /bin/sh;
			shellScript = "\"${SRCROOT}/Pods/Target Support Files/Pods-smatch_1/Pods-smatch_1-resources.sh\"\n";
			showEnvVarsInLog = 0;
		};
		341C64EC2F94581FEB8AA67F /* 📦 Check Pods Manifest.lock */ = {
			isa = PBXShellScriptBuildPhase;
			buildActionMask = 2147483647;
			files = (
			);
			inputPaths = (
			);
			name = "📦 Check Pods Manifest.lock";
			outputPaths = (
			);
			runOnlyForDeploymentPostprocessing = 0;
			shellPath = /bin/sh;
			shellScript = "diff \"${PODS_ROOT}/../Podfile.lock\" \"${PODS_ROOT}/Manifest.lock\" > /dev/null\nif [[ $? != 0 ]] ; then\n    cat << EOM\nerror: The sandbox is not in sync with the Podfile.lock. Run 'pod install' or update your CocoaPods installation.\nEOM\n    exit 1\nfi\n";
			showEnvVarsInLog = 0;
		};
		34D977734DF75826FA85D89F /* 📦 Check Pods Manifest.lock */ = {
			isa = PBXShellScriptBuildPhase;
			buildActionMask = 2147483647;
			files = (
			);
			inputPaths = (
			);
			name = "📦 Check Pods Manifest.lock";
			outputPaths = (
			);
			runOnlyForDeploymentPostprocessing = 0;
			shellPath = /bin/sh;
			shellScript = "diff \"${PODS_ROOT}/../Podfile.lock\" \"${PODS_ROOT}/Manifest.lock\" > /dev/null\nif [[ $? != 0 ]] ; then\n    cat << EOM\nerror: The sandbox is not in sync with the Podfile.lock. Run 'pod install' or update your CocoaPods installation.\nEOM\n    exit 1\nfi\n";
			showEnvVarsInLog = 0;
		};
		3C7B342DE9B185A53E5B2A53 /* 📦 Check Pods Manifest.lock */ = {
			isa = PBXShellScriptBuildPhase;
			buildActionMask = 2147483647;
			files = (
			);
			inputPaths = (
			);
			name = "📦 Check Pods Manifest.lock";
			outputPaths = (
			);
			runOnlyForDeploymentPostprocessing = 0;
			shellPath = /bin/sh;
			shellScript = "diff \"${PODS_ROOT}/../Podfile.lock\" \"${PODS_ROOT}/Manifest.lock\" > /dev/null\nif [[ $? != 0 ]] ; then\n    cat << EOM\nerror: The sandbox is not in sync with the Podfile.lock. Run 'pod install' or update your CocoaPods installation.\nEOM\n    exit 1\nfi\n";
			showEnvVarsInLog = 0;
		};
		4E11EB11A4CE41CF31323736 /* Embed Pods Frameworks */ = {
			isa = PBXShellScriptBuildPhase;
			buildActionMask = 2147483647;
			files = (
			);
			inputPaths = (
			);
			name = "Embed Pods Frameworks";
			outputPaths = (
			);
			runOnlyForDeploymentPostprocessing = 0;
			shellPath = /bin/sh;
			shellScript = "\"${SRCROOT}/Pods/Target Support Files/Pods-smatch_1/Pods-smatch_1-frameworks.sh\"\n";
			showEnvVarsInLog = 0;
		};
		62534953917F142F8746DE7A /* 📦 Embed Pods Frameworks */ = {
			isa = PBXShellScriptBuildPhase;
			buildActionMask = 2147483647;
			files = (
			);
			inputPaths = (
			);
			name = "📦 Embed Pods Frameworks";
			outputPaths = (
			);
			runOnlyForDeploymentPostprocessing = 0;
			shellPath = /bin/sh;
			shellScript = "\"${SRCROOT}/Pods/Target Support Files/Pods-smatch_1Tests/Pods-smatch_1Tests-frameworks.sh\"\n";
			showEnvVarsInLog = 0;
		};
		85E62AFE3D48875D7A1E01A7 /* 📦 Copy Pods Resources */ = {
			isa = PBXShellScriptBuildPhase;
			buildActionMask = 2147483647;
			files = (
			);
			inputPaths = (
			);
			name = "📦 Copy Pods Resources";
			outputPaths = (
			);
			runOnlyForDeploymentPostprocessing = 0;
			shellPath = /bin/sh;
			shellScript = "\"${SRCROOT}/Pods/Target Support Files/Pods-smatch_1Tests/Pods-smatch_1Tests-resources.sh\"\n";
			showEnvVarsInLog = 0;
		};
		94BE6D736328524DCF235670 /* 📦 Copy Pods Resources */ = {
			isa = PBXShellScriptBuildPhase;
			buildActionMask = 2147483647;
			files = (
			);
			inputPaths = (
			);
			name = "📦 Copy Pods Resources";
			outputPaths = (
			);
			runOnlyForDeploymentPostprocessing = 0;
			shellPath = /bin/sh;
			shellScript = "\"${SRCROOT}/Pods/Target Support Files/Pods-smatch_1UITests/Pods-smatch_1UITests-resources.sh\"\n";
			showEnvVarsInLog = 0;
		};
		9BD63778AFBBD23947E1C0FF /* 📦 Embed Pods Frameworks */ = {
			isa = PBXShellScriptBuildPhase;
			buildActionMask = 2147483647;
			files = (
			);
			inputPaths = (
			);
			name = "📦 Embed Pods Frameworks";
			outputPaths = (
			);
			runOnlyForDeploymentPostprocessing = 0;
			shellPath = /bin/sh;
			shellScript = "\"${SRCROOT}/Pods/Target Support Files/Pods-smatch_1/Pods-smatch_1-frameworks.sh\"\n";
			showEnvVarsInLog = 0;
		};
		AFFFB3D43E94CD01D4A6DED6 /* Embed Pods Frameworks */ = {
			isa = PBXShellScriptBuildPhase;
			buildActionMask = 2147483647;
			files = (
			);
			inputPaths = (
			);
			name = "Embed Pods Frameworks";
			outputPaths = (
			);
			runOnlyForDeploymentPostprocessing = 0;
			shellPath = /bin/sh;
			shellScript = "\"${SRCROOT}/Pods/Target Support Files/Pods-smatch_1/Pods-smatch_1-frameworks.sh\"\n";
			showEnvVarsInLog = 0;
		};
/* End PBXShellScriptBuildPhase section */

/* Begin PBXSourcesBuildPhase section */
		D8C18D4C1C9A39BC00E2E0D7 /* Sources */ = {
			isa = PBXSourcesBuildPhase;
			buildActionMask = 2147483647;
			files = (
				D836A78A1CA22BF200CF9627 /* Sport.swift in Sources */,
				46F6E22C1CA9B1820064CC18 /* UserProfileViewController.swift in Sources */,
				46F6E22E1CA9D51B0064CC18 /* EditUserProfileViewController.swift in Sources */,
				46F6E2391CAB4F1F0064CC18 /* EventsListTableViewCell.swift in Sources */,
				D8E0003C1CA07951006C50EC /* Constants.swift in Sources */,
				D86312BB1CAD8F0200AEC07B /* EventDetail.swift in Sources */,
				D8EAA1F41CA39BA200A11894 /* EventsMapViewController.swift in Sources */,
				D86407D21CA9BBD1006490B4 /* NewEventSportCollectionViewCell.swift in Sources */,
				D8EE2F3C1CA494EF007DB652 /* CreateNewEventViewController.swift in Sources */,
				46F6E23B1CAB51480064CC18 /* GoToEventMessagesDelegate.swift in Sources */,
				46F6E2301CA9DF980064CC18 /* UserProfileSportsCollectionViewCell.swift in Sources */,
				D890FC3E1CAA389500D9ADEA /* CreateEventFinishViewController.swift in Sources */,
				D8EE2F3A1CA48AAD007DB652 /* Colors.swift in Sources */,
				D86407C81CA9B3C1006490B4 /* EventSportCollectionViewController.swift in Sources */,
				D8EE2F381CA47F44007DB652 /* MaterialView.swift in Sources */,
				981564161CA72E67007E0F11 /* Event.swift in Sources */,
				D86407CA1CA9B3ED006490B4 /* EventLocationViewController.swift in Sources */,
				D8E0003E1CA07C95006C50EC /* ConfirmSignUpViewController.swift in Sources */,
				460AB9B51CAB5877006ECF99 /* MessagesViewController.swift in Sources */,
				D84A6BF21CA464F200045150 /* EventCell.swift in Sources */,
				D875B2721C9A5155007BBFF3 /* LoginViewController.swift in Sources */,
				D86407CC1CA9B406006490B4 /* EventNumPlayersViewController.swift in Sources */,
				D890FC381CAA2B5D00D9ADEA /* CreateEventCompetitionViewController.swift in Sources */,
				D8EAA1EE1CA36B9900A11894 /* TopTabSegmentedController.swift in Sources */,
				D890FC3C1CAA30B400D9ADEA /* GenderForGame.swift in Sources */,
				D875B2711C9A5155007BBFF3 /* ChooseSportsCollectionViewController.swift in Sources */,
				46F6E2321CA9FC320064CC18 /* GoBackDelegate.swift in Sources */,
				46F6E2371CAB2CDF0064CC18 /* MessagesTableViewController.swift in Sources */,
				46F6E2341CAA029C0064CC18 /* EditUserProfileSportsCollectionViewCell.swift in Sources */,
				98027B9D1CA9DF6B00ECFEA0 /* UserLocation.swift in Sources */,
				D83A18111CA3A4DA0048B629 /* ParentViewController.swift in Sources */,
				4690A3E21CA5C16A00814106 /* AlertModel.swift in Sources */,
				D83DCD8F1CACAAC200E1DFD5 /* Keyboard.swift in Sources */,
				D890FC3A1CAA307A00D9ADEA /* CompetitionLevel.swift in Sources */,
				D8C18D541C9A39BC00E2E0D7 /* AppDelegate.swift in Sources */,
				D8EAA1F01CA36C4E00A11894 /* EventsTableViewController.swift in Sources */,
				D890FC341CAA2AE800D9ADEA /* CreateEventDateViewController.swift in Sources */,
				D890FC361CAA2B4400D9ADEA /* CreateEventGenderViewController.swift in Sources */,
				D8EF28861CAC3DBA00150411 /* MaterialButton.swift in Sources */,
				D8442F4C1CA5CC690025005E /* SportCollectionViewCell.swift in Sources */,
				D890FC301CAA004100D9ADEA /* Regex.swift in Sources */,
				D8EE2F3E1CA4B665007DB652 /* EventDetailViewController.swift in Sources */,
				D86407C61CA9B370006490B4 /* EventNameViewController.swift in Sources */,
				D8E0003A1CA07292006C50EC /* DataService.swift in Sources */,
			);
			runOnlyForDeploymentPostprocessing = 0;
		};
		D8C18D601C9A39BC00E2E0D7 /* Sources */ = {
			isa = PBXSourcesBuildPhase;
			buildActionMask = 2147483647;
			files = (
				D8C18D691C9A39BC00E2E0D7 /* smatch_1Tests.swift in Sources */,
			);
			runOnlyForDeploymentPostprocessing = 0;
		};
		D8C18D6B1C9A39BC00E2E0D7 /* Sources */ = {
			isa = PBXSourcesBuildPhase;
			buildActionMask = 2147483647;
			files = (
				D8C18D741C9A39BC00E2E0D7 /* smatch_1UITests.swift in Sources */,
			);
			runOnlyForDeploymentPostprocessing = 0;
		};
/* End PBXSourcesBuildPhase section */

/* Begin PBXTargetDependency section */
		D8C18D661C9A39BC00E2E0D7 /* PBXTargetDependency */ = {
			isa = PBXTargetDependency;
			target = D8C18D4F1C9A39BC00E2E0D7 /* smatch_1 */;
			targetProxy = D8C18D651C9A39BC00E2E0D7 /* PBXContainerItemProxy */;
		};
		D8C18D711C9A39BC00E2E0D7 /* PBXTargetDependency */ = {
			isa = PBXTargetDependency;
			target = D8C18D4F1C9A39BC00E2E0D7 /* smatch_1 */;
			targetProxy = D8C18D701C9A39BC00E2E0D7 /* PBXContainerItemProxy */;
		};
/* End PBXTargetDependency section */

/* Begin PBXVariantGroup section */
		D8C18D5C1C9A39BC00E2E0D7 /* LaunchScreen.storyboard */ = {
			isa = PBXVariantGroup;
			children = (
				D8C18D5D1C9A39BC00E2E0D7 /* Base */,
			);
			name = LaunchScreen.storyboard;
			sourceTree = "<group>";
		};
/* End PBXVariantGroup section */

/* Begin XCBuildConfiguration section */
		D8C18D761C9A39BC00E2E0D7 /* Debug */ = {
			isa = XCBuildConfiguration;
			buildSettings = {
				ALWAYS_SEARCH_USER_PATHS = NO;
				CLANG_CXX_LANGUAGE_STANDARD = "gnu++0x";
				CLANG_CXX_LIBRARY = "libc++";
				CLANG_ENABLE_MODULES = YES;
				CLANG_ENABLE_OBJC_ARC = YES;
				CLANG_WARN_BOOL_CONVERSION = YES;
				CLANG_WARN_CONSTANT_CONVERSION = YES;
				CLANG_WARN_DIRECT_OBJC_ISA_USAGE = YES_ERROR;
				CLANG_WARN_EMPTY_BODY = YES;
				CLANG_WARN_ENUM_CONVERSION = YES;
				CLANG_WARN_INT_CONVERSION = YES;
				CLANG_WARN_OBJC_ROOT_CLASS = YES_ERROR;
				CLANG_WARN_UNREACHABLE_CODE = YES;
				CLANG_WARN__DUPLICATE_METHOD_MATCH = YES;
				"CODE_SIGN_IDENTITY[sdk=iphoneos*]" = "iPhone Developer";
				COPY_PHASE_STRIP = NO;
				DEBUG_INFORMATION_FORMAT = dwarf;
				ENABLE_STRICT_OBJC_MSGSEND = YES;
				ENABLE_TESTABILITY = YES;
				GCC_C_LANGUAGE_STANDARD = gnu99;
				GCC_DYNAMIC_NO_PIC = NO;
				GCC_NO_COMMON_BLOCKS = YES;
				GCC_OPTIMIZATION_LEVEL = 0;
				GCC_PREPROCESSOR_DEFINITIONS = (
					"DEBUG=1",
					"$(inherited)",
				);
				GCC_WARN_64_TO_32_BIT_CONVERSION = YES;
				GCC_WARN_ABOUT_RETURN_TYPE = YES_ERROR;
				GCC_WARN_UNDECLARED_SELECTOR = YES;
				GCC_WARN_UNINITIALIZED_AUTOS = YES_AGGRESSIVE;
				GCC_WARN_UNUSED_FUNCTION = YES;
				GCC_WARN_UNUSED_VARIABLE = YES;
				IPHONEOS_DEPLOYMENT_TARGET = 9.2;
				MTL_ENABLE_DEBUG_INFO = YES;
				ONLY_ACTIVE_ARCH = YES;
				SDKROOT = iphoneos;
				SWIFT_OPTIMIZATION_LEVEL = "-Onone";
			};
			name = Debug;
		};
		D8C18D771C9A39BC00E2E0D7 /* Release */ = {
			isa = XCBuildConfiguration;
			buildSettings = {
				ALWAYS_SEARCH_USER_PATHS = NO;
				CLANG_CXX_LANGUAGE_STANDARD = "gnu++0x";
				CLANG_CXX_LIBRARY = "libc++";
				CLANG_ENABLE_MODULES = YES;
				CLANG_ENABLE_OBJC_ARC = YES;
				CLANG_WARN_BOOL_CONVERSION = YES;
				CLANG_WARN_CONSTANT_CONVERSION = YES;
				CLANG_WARN_DIRECT_OBJC_ISA_USAGE = YES_ERROR;
				CLANG_WARN_EMPTY_BODY = YES;
				CLANG_WARN_ENUM_CONVERSION = YES;
				CLANG_WARN_INT_CONVERSION = YES;
				CLANG_WARN_OBJC_ROOT_CLASS = YES_ERROR;
				CLANG_WARN_UNREACHABLE_CODE = YES;
				CLANG_WARN__DUPLICATE_METHOD_MATCH = YES;
				"CODE_SIGN_IDENTITY[sdk=iphoneos*]" = "iPhone Developer";
				COPY_PHASE_STRIP = NO;
				DEBUG_INFORMATION_FORMAT = "dwarf-with-dsym";
				ENABLE_NS_ASSERTIONS = NO;
				ENABLE_STRICT_OBJC_MSGSEND = YES;
				GCC_C_LANGUAGE_STANDARD = gnu99;
				GCC_NO_COMMON_BLOCKS = YES;
				GCC_WARN_64_TO_32_BIT_CONVERSION = YES;
				GCC_WARN_ABOUT_RETURN_TYPE = YES_ERROR;
				GCC_WARN_UNDECLARED_SELECTOR = YES;
				GCC_WARN_UNINITIALIZED_AUTOS = YES_AGGRESSIVE;
				GCC_WARN_UNUSED_FUNCTION = YES;
				GCC_WARN_UNUSED_VARIABLE = YES;
				IPHONEOS_DEPLOYMENT_TARGET = 9.2;
				MTL_ENABLE_DEBUG_INFO = NO;
				SDKROOT = iphoneos;
				VALIDATE_PRODUCT = YES;
			};
			name = Release;
		};
		D8C18D791C9A39BC00E2E0D7 /* Debug */ = {
			isa = XCBuildConfiguration;
			baseConfigurationReference = D7EDDA08FB634FEB8FBAD634 /* Pods-smatch_1.debug.xcconfig */;
			buildSettings = {
				ASSETCATALOG_COMPILER_APPICON_NAME = AppIcon;
				CODE_SIGN_IDENTITY = "iPhone Developer";
				"CODE_SIGN_IDENTITY[sdk=iphoneos*]" = "iPhone Developer";
				INFOPLIST_FILE = smatch_1/Info.plist;
				LD_RUNPATH_SEARCH_PATHS = "$(inherited) @executable_path/Frameworks";
				PRODUCT_BUNDLE_IDENTIFIER = "com.kabirkhan.smatch-1";
				PRODUCT_NAME = "$(TARGET_NAME)";
				PROVISIONING_PROFILE = "";
			};
			name = Debug;
		};
		D8C18D7A1C9A39BC00E2E0D7 /* Release */ = {
			isa = XCBuildConfiguration;
			baseConfigurationReference = 79E518CF00F20420133E9563 /* Pods-smatch_1.release.xcconfig */;
			buildSettings = {
				ASSETCATALOG_COMPILER_APPICON_NAME = AppIcon;
				CODE_SIGN_IDENTITY = "iPhone Developer";
				"CODE_SIGN_IDENTITY[sdk=iphoneos*]" = "iPhone Developer";
				INFOPLIST_FILE = smatch_1/Info.plist;
				LD_RUNPATH_SEARCH_PATHS = "$(inherited) @executable_path/Frameworks";
				PRODUCT_BUNDLE_IDENTIFIER = "com.kabirkhan.smatch-1";
				PRODUCT_NAME = "$(TARGET_NAME)";
				PROVISIONING_PROFILE = "";
			};
			name = Release;
		};
		D8C18D7C1C9A39BC00E2E0D7 /* Debug */ = {
			isa = XCBuildConfiguration;
			baseConfigurationReference = 11F089DA4235472635ED4D75 /* Pods-smatch_1Tests.debug.xcconfig */;
			buildSettings = {
				BUNDLE_LOADER = "$(TEST_HOST)";
				INFOPLIST_FILE = smatch_1Tests/Info.plist;
				LD_RUNPATH_SEARCH_PATHS = "$(inherited) @executable_path/Frameworks @loader_path/Frameworks";
				PRODUCT_BUNDLE_IDENTIFIER = "com.kabirkhan.smatch-1Tests";
				PRODUCT_NAME = "$(TARGET_NAME)";
				TEST_HOST = "$(BUILT_PRODUCTS_DIR)/smatch_1.app/smatch_1";
			};
			name = Debug;
		};
		D8C18D7D1C9A39BC00E2E0D7 /* Release */ = {
			isa = XCBuildConfiguration;
			baseConfigurationReference = A729460B76ED2CAC32054A48 /* Pods-smatch_1Tests.release.xcconfig */;
			buildSettings = {
				BUNDLE_LOADER = "$(TEST_HOST)";
				INFOPLIST_FILE = smatch_1Tests/Info.plist;
				LD_RUNPATH_SEARCH_PATHS = "$(inherited) @executable_path/Frameworks @loader_path/Frameworks";
				PRODUCT_BUNDLE_IDENTIFIER = "com.kabirkhan.smatch-1Tests";
				PRODUCT_NAME = "$(TARGET_NAME)";
				TEST_HOST = "$(BUILT_PRODUCTS_DIR)/smatch_1.app/smatch_1";
			};
			name = Release;
		};
		D8C18D7F1C9A39BC00E2E0D7 /* Debug */ = {
			isa = XCBuildConfiguration;
			baseConfigurationReference = A61F4D925EFAC555B4D10904 /* Pods-smatch_1UITests.debug.xcconfig */;
			buildSettings = {
				INFOPLIST_FILE = smatch_1UITests/Info.plist;
				LD_RUNPATH_SEARCH_PATHS = "$(inherited) @executable_path/Frameworks @loader_path/Frameworks";
				PRODUCT_BUNDLE_IDENTIFIER = "com.kabirkhan.smatch-1UITests";
				PRODUCT_NAME = "$(TARGET_NAME)";
				TEST_TARGET_NAME = smatch_1;
				USES_XCTRUNNER = YES;
			};
			name = Debug;
		};
		D8C18D801C9A39BC00E2E0D7 /* Release */ = {
			isa = XCBuildConfiguration;
			baseConfigurationReference = 7813C2E544B310223DB609FE /* Pods-smatch_1UITests.release.xcconfig */;
			buildSettings = {
				INFOPLIST_FILE = smatch_1UITests/Info.plist;
				LD_RUNPATH_SEARCH_PATHS = "$(inherited) @executable_path/Frameworks @loader_path/Frameworks";
				PRODUCT_BUNDLE_IDENTIFIER = "com.kabirkhan.smatch-1UITests";
				PRODUCT_NAME = "$(TARGET_NAME)";
				TEST_TARGET_NAME = smatch_1;
				USES_XCTRUNNER = YES;
			};
			name = Release;
		};
/* End XCBuildConfiguration section */

/* Begin XCConfigurationList section */
		D8C18D4B1C9A39BC00E2E0D7 /* Build configuration list for PBXProject "smatch_1" */ = {
			isa = XCConfigurationList;
			buildConfigurations = (
				D8C18D761C9A39BC00E2E0D7 /* Debug */,
				D8C18D771C9A39BC00E2E0D7 /* Release */,
			);
			defaultConfigurationIsVisible = 0;
			defaultConfigurationName = Release;
		};
		D8C18D781C9A39BC00E2E0D7 /* Build configuration list for PBXNativeTarget "smatch_1" */ = {
			isa = XCConfigurationList;
			buildConfigurations = (
				D8C18D791C9A39BC00E2E0D7 /* Debug */,
				D8C18D7A1C9A39BC00E2E0D7 /* Release */,
			);
			defaultConfigurationIsVisible = 0;
			defaultConfigurationName = Release;
		};
		D8C18D7B1C9A39BC00E2E0D7 /* Build configuration list for PBXNativeTarget "smatch_1Tests" */ = {
			isa = XCConfigurationList;
			buildConfigurations = (
				D8C18D7C1C9A39BC00E2E0D7 /* Debug */,
				D8C18D7D1C9A39BC00E2E0D7 /* Release */,
			);
			defaultConfigurationIsVisible = 0;
			defaultConfigurationName = Release;
		};
		D8C18D7E1C9A39BC00E2E0D7 /* Build configuration list for PBXNativeTarget "smatch_1UITests" */ = {
			isa = XCConfigurationList;
			buildConfigurations = (
				D8C18D7F1C9A39BC00E2E0D7 /* Debug */,
				D8C18D801C9A39BC00E2E0D7 /* Release */,
			);
			defaultConfigurationIsVisible = 0;
			defaultConfigurationName = Release;
		};
/* End XCConfigurationList section */
	};
	rootObject = D8C18D481C9A39BC00E2E0D7 /* Project object */;
}
